{
  "name": "erikdekamps/kingly_theme",
  "version": "1.0.0",
  "lockfileVersion": 3,
  "requires": true,
  "packages": {
    "": {
      "name": "erikdekamps/kingly_theme",
      "version": "1.0.0",
      "license": "GPL-2.0-or-later",
      "devDependencies": {
        "@nl-design-system-community/purmerend-design-tokens": "^1.2.3"
      }
    },
    "node_modules/@nl-design-system-community/purmerend-design-tokens": {
      "version": "1.2.3",
      "resolved": "https://registry.npmjs.org/@nl-design-system-community/purmerend-design-tokens/-/purmerend-design-tokens-1.2.3.tgz",
      "integrity": "sha512-fV7scMOjHmJBR6DF0vCY0GLLllqAAJdtTjLQMWOpwgtEmtZ6DST1kGB5wJSxfZPJuzeROP+2lEplQHP5vXgm/Q==",
      "dev": true,
      "license": "SEE LICENSE IN LICENSE.md"
    }
  }
}
